[[package]]
name = "cc"
version = "1.0.28"
source = "registry+https://github.com/rust-lang/crates.io-index"

[[package]]
name = "cffi-ownership"
version = "0.1.0"
dependencies = [
 "cc 1.0.28 (registry+https://github.com/rust-lang/crates.io-index)",
 "libc 0.2.45 (registry+https://github.com/rust-lang/crates.io-index)",
]

[[package]]
name = "libc"
version = "0.2.45"
source = "registry+https://github.com/rust-lang/crates.io-index"

[metadata]
"checksum cc 1.0.28 (registry+https://github.com/rust-lang/crates.io-index)" = "bb4a8b715cb4597106ea87c7c84b2f1d452c7492033765df7f32651e66fcf749"
"checksum libc 0.2.45 (registry+https://github.com/rust-lang/crates.io-index)" = "2d2857ec59fadc0773853c664d2d18e7198e83883e7060b63c924cb077bd5c74"
